// !$*UTF8*$!
{
	archiveVersion = 1;
	classes = {
	};
	objectVersion = 50;
	objects = {

/* Begin PBXBuildFile section */
		8AE6291D2569742200A1491D /* CanvasError.swift in Sources */ = {isa = PBXBuildFile; fileRef = 8AE6291C2569742200A1491D /* CanvasError.swift */; };
		8AE6292D25697ED000A1491D /* MeetingStatic.swift in Sources */ = {isa = PBXBuildFile; fileRef = 8AE6292C25697ED000A1491D /* MeetingStatic.swift */; };
		8AE6293025697F8B00A1491D /* MeetingDynamic.swift in Sources */ = {isa = PBXBuildFile; fileRef = 8AE6292F25697F8B00A1491D /* MeetingDynamic.swift */; };
		8AF6E14C256928280080871E /* MeetingsMenuApp.swift in Sources */ = {isa = PBXBuildFile; fileRef = 8AF6E14B256928280080871E /* MeetingsMenuApp.swift */; };
		8AF6E1502569282A0080871E /* Assets.xcassets in Resources */ = {isa = PBXBuildFile; fileRef = 8AF6E14F2569282A0080871E /* Assets.xcassets */; };
		8AF6E15E25692B290080871E /* StatusBarController.swift in Sources */ = {isa = PBXBuildFile; fileRef = 8AF6E15D25692B290080871E /* StatusBarController.swift */; };
		8AF6E189256935120080871E /* AppDelegate.swift in Sources */ = {isa = PBXBuildFile; fileRef = 8AF6E188256935120080871E /* AppDelegate.swift */; };
		8AF6E198256942BF0080871E /* Meeting.swift in Sources */ = {isa = PBXBuildFile; fileRef = 8AF6E197256942BF0080871E /* Meeting.swift */; };
		8AF6E19B256943D70080871E /* ZoomMeeting.swift in Sources */ = {isa = PBXBuildFile; fileRef = 8AF6E19A256943D70080871E /* ZoomMeeting.swift */; };
		8AF6E19E256946950080871E /* MeetingMenuItem.swift in Sources */ = {isa = PBXBuildFile; fileRef = 8AF6E19D256946950080871E /* MeetingMenuItem.swift */; };
		8AF6E1A125694AAC0080871E /* DiscordMeeting.swift in Sources */ = {isa = PBXBuildFile; fileRef = 8AF6E1A025694AAC0080871E /* DiscordMeeting.swift */; };
		8AF6E1A425695FFD0080871E /* CanvasConferences.swift in Sources */ = {isa = PBXBuildFile; fileRef = 8AF6E1A325695FFD0080871E /* CanvasConferences.swift */; };
		8AF6E1A7256960200080871E /* CanvasConference.swift in Sources */ = {isa = PBXBuildFile; fileRef = 8AF6E1A6256960200080871E /* CanvasConference.swift */; };
/* End PBXBuildFile section */

/* Begin PBXFileReference section */
		8AE6291C2569742200A1491D /* CanvasError.swift */ = {isa = PBXFileReference; lastKnownFileType = sourcecode.swift; path = CanvasError.swift; sourceTree = "<group>"; };
		8AE6292C25697ED000A1491D /* MeetingStatic.swift */ = {isa = PBXFileReference; lastKnownFileType = sourcecode.swift; path = MeetingStatic.swift; sourceTree = "<group>"; };
		8AE6292F25697F8B00A1491D /* MeetingDynamic.swift */ = {isa = PBXFileReference; lastKnownFileType = sourcecode.swift; path = MeetingDynamic.swift; sourceTree = "<group>"; };
		8AF6E148256928280080871E /* MeetingsMenu.app */ = {isa = PBXFileReference; explicitFileType = wrapper.application; includeInIndex = 0; path = MeetingsMenu.app; sourceTree = BUILT_PRODUCTS_DIR; };
		8AF6E14B256928280080871E /* MeetingsMenuApp.swift */ = {isa = PBXFileReference; lastKnownFileType = sourcecode.swift; path = MeetingsMenuApp.swift; sourceTree = "<group>"; };
		8AF6E14F2569282A0080871E /* Assets.xcassets */ = {isa = PBXFileReference; lastKnownFileType = folder.assetcatalog; path = Assets.xcassets; sourceTree = "<group>"; };
		8AF6E1542569282A0080871E /* Info.plist */ = {isa = PBXFileReference; lastKnownFileType = text.plist.xml; path = Info.plist; sourceTree = "<group>"; };
		8AF6E1552569282A0080871E /* MeetingsMenu.entitlements */ = {isa = PBXFileReference; lastKnownFileType = text.plist.entitlements; path = MeetingsMenu.entitlements; sourceTree = "<group>"; };
		8AF6E15D25692B290080871E /* StatusBarController.swift */ = {isa = PBXFileReference; lastKnownFileType = sourcecode.swift; path = StatusBarController.swift; sourceTree = "<group>"; };
		8AF6E188256935120080871E /* AppDelegate.swift */ = {isa = PBXFileReference; lastKnownFileType = sourcecode.swift; path = AppDelegate.swift; sourceTree = "<group>"; };
		8AF6E197256942BF0080871E /* Meeting.swift */ = {isa = PBXFileReference; lastKnownFileType = sourcecode.swift; path = Meeting.swift; sourceTree = "<group>"; };
		8AF6E19A256943D70080871E /* ZoomMeeting.swift */ = {isa = PBXFileReference; lastKnownFileType = sourcecode.swift; path = ZoomMeeting.swift; sourceTree = "<group>"; };
		8AF6E19D256946950080871E /* MeetingMenuItem.swift */ = {isa = PBXFileReference; lastKnownFileType = sourcecode.swift; path = MeetingMenuItem.swift; sourceTree = "<group>"; };
		8AF6E1A025694AAC0080871E /* DiscordMeeting.swift */ = {isa = PBXFileReference; lastKnownFileType = sourcecode.swift; path = DiscordMeeting.swift; sourceTree = "<group>"; };
		8AF6E1A325695FFD0080871E /* CanvasConferences.swift */ = {isa = PBXFileReference; lastKnownFileType = sourcecode.swift; path = CanvasConferences.swift; sourceTree = "<group>"; };
		8AF6E1A6256960200080871E /* CanvasConference.swift */ = {isa = PBXFileReference; lastKnownFileType = sourcecode.swift; path = CanvasConference.swift; sourceTree = "<group>"; };
/* End PBXFileReference section */

/* Begin PBXFrameworksBuildPhase section */
		8AF6E145256928280080871E /* Frameworks */ = {
			isa = PBXFrameworksBuildPhase;
			buildActionMask = 2147483647;
			files = (
			);
			runOnlyForDeploymentPostprocessing = 0;
		};
/* End PBXFrameworksBuildPhase section */

/* Begin PBXGroup section */
		8AE62934256980CB00A1491D /* UI */ = {
			isa = PBXGroup;
			children = (
				8AF6E14B256928280080871E /* MeetingsMenuApp.swift */,
				8AF6E188256935120080871E /* AppDelegate.swift */,
				8AF6E15D25692B290080871E /* StatusBarController.swift */,
				8AF6E19D256946950080871E /* MeetingMenuItem.swift */,
			);
			path = UI;
			sourceTree = "<group>";
		};
		8AE62935256980F500A1491D /* Error */ = {
			isa = PBXGroup;
			children = (
				8AE6291C2569742200A1491D /* CanvasError.swift */,
			);
			path = Error;
			sourceTree = "<group>";
		};
		8AE629362569811300A1491D /* Codable */ = {
			isa = PBXGroup;
			children = (
				8AF6E1A6256960200080871E /* CanvasConference.swift */,
				8AF6E1A325695FFD0080871E /* CanvasConferences.swift */,
			);
			path = Codable;
			sourceTree = "<group>";
		};
		8AE629372569811E00A1491D /* Meeting */ = {
			isa = PBXGroup;
			children = (
				8AF6E197256942BF0080871E /* Meeting.swift */,
				8AE6292C25697ED000A1491D /* MeetingStatic.swift */,
				8AE6292F25697F8B00A1491D /* MeetingDynamic.swift */,
				8AF6E1A025694AAC0080871E /* DiscordMeeting.swift */,
				8AF6E19A256943D70080871E /* ZoomMeeting.swift */,
			);
			path = Meeting;
			sourceTree = "<group>";
		};
		8AF6E13F256928280080871E = {
			isa = PBXGroup;
			children = (
				8AF6E14A256928280080871E /* MeetingsMenu */,
				8AF6E149256928280080871E /* Products */,
			);
			sourceTree = "<group>";
		};
		8AF6E149256928280080871E /* Products */ = {
			isa = PBXGroup;
			children = (
				8AF6E148256928280080871E /* MeetingsMenu.app */,
			);
			name = Products;
			sourceTree = "<group>";
		};
		8AF6E14A256928280080871E /* MeetingsMenu */ = {
			isa = PBXGroup;
			children = (
				8AF6E195256940C50080871E /* Configs */,
				8AF6E18F2569405E0080871E /* Source */,
				8AF6E14F2569282A0080871E /* Assets.xcassets */,
			);
			path = MeetingsMenu;
			sourceTree = "<group>";
		};
		8AF6E18F2569405E0080871E /* Source */ = {
			isa = PBXGroup;
			children = (
				8AE62934256980CB00A1491D /* UI */,
				8AE629372569811E00A1491D /* Meeting */,
				8AE629362569811300A1491D /* Codable */,
				8AE62935256980F500A1491D /* Error */,
			);
			path = Source;
			sourceTree = "<group>";
		};
		8AF6E195256940C50080871E /* Configs */ = {
			isa = PBXGroup;
			children = (
				8AF6E1542569282A0080871E /* Info.plist */,
				8AF6E1552569282A0080871E /* MeetingsMenu.entitlements */,
			);
			name = Configs;
			sourceTree = "<group>";
		};
/* End PBXGroup section */

/* Begin PBXNativeTarget section */
		8AF6E147256928280080871E /* MeetingsMenu */ = {
			isa = PBXNativeTarget;
			buildConfigurationList = 8AF6E1582569282A0080871E /* Build configuration list for PBXNativeTarget "MeetingsMenu" */;
			buildPhases = (
				8AF6E144256928280080871E /* Sources */,
				8AF6E145256928280080871E /* Frameworks */,
				8AF6E146256928280080871E /* Resources */,
			);
			buildRules = (
			);
			dependencies = (
			);
			name = MeetingsMenu;
			productName = MeetingsMenu;
			productReference = 8AF6E148256928280080871E /* MeetingsMenu.app */;
			productType = "com.apple.product-type.application";
		};
/* End PBXNativeTarget section */

/* Begin PBXProject section */
		8AF6E140256928280080871E /* Project object */ = {
			isa = PBXProject;
			attributes = {
				LastSwiftUpdateCheck = 1220;
				LastUpgradeCheck = 1220;
				TargetAttributes = {
					8AF6E147256928280080871E = {
						CreatedOnToolsVersion = 12.2;
					};
				};
			};
			buildConfigurationList = 8AF6E143256928280080871E /* Build configuration list for PBXProject "MeetingsMenu" */;
			compatibilityVersion = "Xcode 9.3";
			developmentRegion = en;
			hasScannedForEncodings = 0;
			knownRegions = (
				en,
				Base,
			);
			mainGroup = 8AF6E13F256928280080871E;
			productRefGroup = 8AF6E149256928280080871E /* Products */;
			projectDirPath = "";
			projectRoot = "";
			targets = (
				8AF6E147256928280080871E /* MeetingsMenu */,
			);
		};
/* End PBXProject section */

/* Begin PBXResourcesBuildPhase section */
		8AF6E146256928280080871E /* Resources */ = {
			isa = PBXResourcesBuildPhase;
			buildActionMask = 2147483647;
			files = (
				8AF6E1502569282A0080871E /* Assets.xcassets in Resources */,
			);
			runOnlyForDeploymentPostprocessing = 0;
		};
/* End PBXResourcesBuildPhase section */

/* Begin PBXSourcesBuildPhase section */
		8AF6E144256928280080871E /* Sources */ = {
			isa = PBXSourcesBuildPhase;
			buildActionMask = 2147483647;
			files = (
				8AE6292D25697ED000A1491D /* MeetingStatic.swift in Sources */,
				8AF6E1A7256960200080871E /* CanvasConference.swift in Sources */,
				8AF6E189256935120080871E /* AppDelegate.swift in Sources */,
				8AF6E1A125694AAC0080871E /* DiscordMeeting.swift in Sources */,
				8AF6E19E256946950080871E /* MeetingMenuItem.swift in Sources */,
				8AE6293025697F8B00A1491D /* MeetingDynamic.swift in Sources */,
				8AF6E198256942BF0080871E /* Meeting.swift in Sources */,
				8AF6E15E25692B290080871E /* StatusBarController.swift in Sources */,
				8AF6E14C256928280080871E /* MeetingsMenuApp.swift in Sources */,
				8AF6E19B256943D70080871E /* ZoomMeeting.swift in Sources */,
				8AF6E1A425695FFD0080871E /* CanvasConferences.swift in Sources */,
				8AE6291D2569742200A1491D /* CanvasError.swift in Sources */,
			);
			runOnlyForDeploymentPostprocessing = 0;
		};
/* End PBXSourcesBuildPhase section */

/* Begin XCBuildConfiguration section */
		8AF6E1562569282A0080871E /* Debug */ = {
			isa = XCBuildConfiguration;
			buildSettings = {
				ALWAYS_SEARCH_USER_PATHS = NO;
				CLANG_ANALYZER_NONNULL = YES;
				CLANG_ANALYZER_NUMBER_OBJECT_CONVERSION = YES_AGGRESSIVE;
				CLANG_CXX_LANGUAGE_STANDARD = "gnu++14";
				CLANG_CXX_LIBRARY = "libc++";
				CLANG_ENABLE_MODULES = YES;
				CLANG_ENABLE_OBJC_ARC = YES;
				CLANG_ENABLE_OBJC_WEAK = YES;
				CLANG_WARN_BLOCK_CAPTURE_AUTORELEASING = YES;
				CLANG_WARN_BOOL_CONVERSION = YES;
				CLANG_WARN_COMMA = YES;
				CLANG_WARN_CONSTANT_CONVERSION = YES;
				CLANG_WARN_DEPRECATED_OBJC_IMPLEMENTATIONS = YES;
				CLANG_WARN_DIRECT_OBJC_ISA_USAGE = YES_ERROR;
				CLANG_WARN_DOCUMENTATION_COMMENTS = YES;
				CLANG_WARN_EMPTY_BODY = YES;
				CLANG_WARN_ENUM_CONVERSION = YES;
				CLANG_WARN_INFINITE_RECURSION = YES;
				CLANG_WARN_INT_CONVERSION = YES;
				CLANG_WARN_NON_LITERAL_NULL_CONVERSION = YES;
				CLANG_WARN_OBJC_IMPLICIT_RETAIN_SELF = YES;
				CLANG_WARN_OBJC_LITERAL_CONVERSION = YES;
				CLANG_WARN_OBJC_ROOT_CLASS = YES_ERROR;
				CLANG_WARN_QUOTED_INCLUDE_IN_FRAMEWORK_HEADER = YES;
				CLANG_WARN_RANGE_LOOP_ANALYSIS = YES;
				CLANG_WARN_STRICT_PROTOTYPES = YES;
				CLANG_WARN_SUSPICIOUS_MOVE = YES;
				CLANG_WARN_UNGUARDED_AVAILABILITY = YES_AGGRESSIVE;
				CLANG_WARN_UNREACHABLE_CODE = YES;
				CLANG_WARN__DUPLICATE_METHOD_MATCH = YES;
				COPY_PHASE_STRIP = NO;
				DEBUG_INFORMATION_FORMAT = dwarf;
				ENABLE_STRICT_OBJC_MSGSEND = YES;
				ENABLE_TESTABILITY = YES;
				GCC_C_LANGUAGE_STANDARD = gnu11;
				GCC_DYNAMIC_NO_PIC = NO;
				GCC_NO_COMMON_BLOCKS = YES;
				GCC_OPTIMIZATION_LEVEL = 0;
				GCC_PREPROCESSOR_DEFINITIONS = (
					"DEBUG=1",
					"$(inherited)",
				);
				GCC_WARN_64_TO_32_BIT_CONVERSION = YES;
				GCC_WARN_ABOUT_RETURN_TYPE = YES_ERROR;
				GCC_WARN_UNDECLARED_SELECTOR = YES;
				GCC_WARN_UNINITIALIZED_AUTOS = YES_AGGRESSIVE;
				GCC_WARN_UNUSED_FUNCTION = YES;
				GCC_WARN_UNUSED_VARIABLE = YES;
				MACOSX_DEPLOYMENT_TARGET = 11.0;
				MTL_ENABLE_DEBUG_INFO = INCLUDE_SOURCE;
				MTL_FAST_MATH = YES;
				ONLY_ACTIVE_ARCH = YES;
				SDKROOT = macosx;
				SWIFT_ACTIVE_COMPILATION_CONDITIONS = DEBUG;
				SWIFT_OPTIMIZATION_LEVEL = "-Onone";
			};
			name = Debug;
		};
		8AF6E1572569282A0080871E /* Release */ = {
			isa = XCBuildConfiguration;
			buildSettings = {
				ALWAYS_SEARCH_USER_PATHS = NO;
				CLANG_ANALYZER_NONNULL = YES;
				CLANG_ANALYZER_NUMBER_OBJECT_CONVERSION = YES_AGGRESSIVE;
				CLANG_CXX_LANGUAGE_STANDARD = "gnu++14";
				CLANG_CXX_LIBRARY = "libc++";
				CLANG_ENABLE_MODULES = YES;
				CLANG_ENABLE_OBJC_ARC = YES;
				CLANG_ENABLE_OBJC_WEAK = YES;
				CLANG_WARN_BLOCK_CAPTURE_AUTORELEASING = YES;
				CLANG_WARN_BOOL_CONVERSION = YES;
				CLANG_WARN_COMMA = YES;
				CLANG_WARN_CONSTANT_CONVERSION = YES;
				CLANG_WARN_DEPRECATED_OBJC_IMPLEMENTATIONS = YES;
				CLANG_WARN_DIRECT_OBJC_ISA_USAGE = YES_ERROR;
				CLANG_WARN_DOCUMENTATION_COMMENTS = YES;
				CLANG_WARN_EMPTY_BODY = YES;
				CLANG_WARN_ENUM_CONVERSION = YES;
				CLANG_WARN_INFINITE_RECURSION = YES;
				CLANG_WARN_INT_CONVERSION = YES;
				CLANG_WARN_NON_LITERAL_NULL_CONVERSION = YES;
				CLANG_WARN_OBJC_IMPLICIT_RETAIN_SELF = YES;
				CLANG_WARN_OBJC_LITERAL_CONVERSION = YES;
				CLANG_WARN_OBJC_ROOT_CLASS = YES_ERROR;
				CLANG_WARN_QUOTED_INCLUDE_IN_FRAMEWORK_HEADER = YES;
				CLANG_WARN_RANGE_LOOP_ANALYSIS = YES;
				CLANG_WARN_STRICT_PROTOTYPES = YES;
				CLANG_WARN_SUSPICIOUS_MOVE = YES;
				CLANG_WARN_UNGUARDED_AVAILABILITY = YES_AGGRESSIVE;
				CLANG_WARN_UNREACHABLE_CODE = YES;
				CLANG_WARN__DUPLICATE_METHOD_MATCH = YES;
				COPY_PHASE_STRIP = NO;
				DEBUG_INFORMATION_FORMAT = "dwarf-with-dsym";
				ENABLE_NS_ASSERTIONS = NO;
				ENABLE_STRICT_OBJC_MSGSEND = YES;
				GCC_C_LANGUAGE_STANDARD = gnu11;
				GCC_NO_COMMON_BLOCKS = YES;
				GCC_WARN_64_TO_32_BIT_CONVERSION = YES;
				GCC_WARN_ABOUT_RETURN_TYPE = YES_ERROR;
				GCC_WARN_UNDECLARED_SELECTOR = YES;
				GCC_WARN_UNINITIALIZED_AUTOS = YES_AGGRESSIVE;
				GCC_WARN_UNUSED_FUNCTION = YES;
				GCC_WARN_UNUSED_VARIABLE = YES;
				MACOSX_DEPLOYMENT_TARGET = 11.0;
				MTL_ENABLE_DEBUG_INFO = NO;
				MTL_FAST_MATH = YES;
				SDKROOT = macosx;
				SWIFT_COMPILATION_MODE = wholemodule;
				SWIFT_OPTIMIZATION_LEVEL = "-O";
			};
			name = Release;
		};
		8AF6E1592569282A0080871E /* Debug */ = {
			isa = XCBuildConfiguration;
			buildSettings = {
				ASSETCATALOG_COMPILER_APPICON_NAME = AppIcon;
				ASSETCATALOG_COMPILER_GLOBAL_ACCENT_COLOR_NAME = AccentColor;
				CODE_SIGN_ENTITLEMENTS = MeetingsMenu/MeetingsMenu.entitlements;
				CODE_SIGN_STYLE = Automatic;
				COMBINE_HIDPI_IMAGES = YES;
				DEVELOPMENT_TEAM = 5N2LPP9P39;
				ENABLE_HARDENED_RUNTIME = YES;
				ENABLE_PREVIEWS = YES;
				INFOPLIST_FILE = MeetingsMenu/Info.plist;
				LD_RUNPATH_SEARCH_PATHS = (
					"$(inherited)",
					"@executable_path/../Frameworks",
				);
				MACOSX_DEPLOYMENT_TARGET = 11.0;
				PRODUCT_BUNDLE_IDENTIFIER = com.vyacheslavivanov.MeetingsMenu;
				PRODUCT_NAME = "$(TARGET_NAME)";
				SWIFT_VERSION = 5.0;
			};
			name = Debug;
		};
		8AF6E15A2569282A0080871E /* Release */ = {
			isa = XCBuildConfiguration;
			buildSettings = {
				ASSETCATALOG_COMPILER_APPICON_NAME = AppIcon;
				ASSETCATALOG_COMPILER_GLOBAL_ACCENT_COLOR_NAME = AccentColor;
				CODE_SIGN_ENTITLEMENTS = MeetingsMenu/MeetingsMenu.entitlements;
				CODE_SIGN_STYLE = Automatic;
				COMBINE_HIDPI_IMAGES = YES;
				DEVELOPMENT_TEAM = 5N2LPP9P39;
				ENABLE_HARDENED_RUNTIME = YES;
				ENABLE_PREVIEWS = YES;
				INFOPLIST_FILE = MeetingsMenu/Info.plist;
				LD_RUNPATH_SEARCH_PATHS = (
					"$(inherited)",
					"@executable_path/../Frameworks",
				);
				MACOSX_DEPLOYMENT_TARGET = 11.0;
				PRODUCT_BUNDLE_IDENTIFIER = com.vyacheslavivanov.MeetingsMenu;
				PRODUCT_NAME = "$(TARGET_NAME)";
				SWIFT_VERSION = 5.0;
			};
			name = Release;
		};
/* End XCBuildConfiguration section */

/* Begin XCConfigurationList section */
		8AF6E143256928280080871E /* Build configuration list for PBXProject "MeetingsMenu" */ = {
			isa = XCConfigurationList;
			buildConfigurations = (
				8AF6E1562569282A0080871E /* Debug */,
				8AF6E1572569282A0080871E /* Release */,
			);
			defaultConfigurationIsVisible = 0;
			defaultConfigurationName = Release;
		};
		8AF6E1582569282A0080871E /* Build configuration list for PBXNativeTarget "MeetingsMenu" */ = {
			isa = XCConfigurationList;
			buildConfigurations = (
				8AF6E1592569282A0080871E /* Debug */,
				8AF6E15A2569282A0080871E /* Release */,
			);
			defaultConfigurationIsVisible = 0;
			defaultConfigurationName = Release;
		};
/* End XCConfigurationList section */
	};
	rootObject = 8AF6E140256928280080871E /* Project object */;
}
